
Microsoft Visual Studio Solution File, Format Version 12.00
# Visual Studio Version 17
VisualStudioVersion = 17.10.35013.160
MinimumVisualStudioVersion = 10.0.40219.1
Project("{FAE04EC0-301F-11D3-BF4B-00C04F79EFBC}") = "RingoMediaReminder", "RingoMediaReminder.csproj", "{94D491B2-FE79-4CBD-95CA-01A790D63A89}"
EndProject
Global
	GlobalSection(SolutionConfigurationPlatforms) = preSolution
		Debug|Any CPU = Debug|Any CPU
		Release|Any CPU = Release|Any CPU
	EndGlobalSection
	GlobalSection(ProjectConfigurationPlatforms) = postSolution
		{94D491B2-FE79-4CBD-95CA-01A790D63A89}.Debug|Any CPU.ActiveCfg = Debug|Any CPU
		{94D491B2-FE79-4CBD-95CA-01A790D63A89}.Debug|Any CPU.Build.0 = Debug|Any CPU
		{94D491B2-FE79-4CBD-95CA-01A790D63A89}.Release|Any CPU.ActiveCfg = Release|Any CPU
		{94D491B2-FE79-4CBD-95CA-01A790D63A89}.Release|Any CPU.Build.0 = Release|Any CPU
	EndGlobalSection
	GlobalSection(SolutionProperties) = preSolution
		HideSolutionNode = FALSE
	EndGlobalSection
	GlobalSection(ExtensibilityGlobals) = postSolution
		SolutionGuid = {53EC3473-C6BA-4A79-B736-7254FECE5A94}
	EndGlobalSection
EndGlobal
